
Microsoft Visual Studio Solution File, Format Version 12.00
# Visual Studio Version 16
VisualStudioVersion = 16.0.29728.190
MinimumVisualStudioVersion = 10.0.40219.1
Project("{FAE04EC0-301F-11D3-BF4B-00C04F79EFBC}") = "HomeDepotWebApp", "HomeDepotWebApp\HomeDepotWebApp.csproj", "{BE7A3482-610E-4B54-BCD6-C464A68614C7}"
EndProject
Project("{FAE04EC0-301F-11D3-BF4B-00C04F79EFBC}") = "HomeDepotDesktopApp", "HomeDepotDesktopApp\HomeDepotDesktopApp.csproj", "{401F3B58-A7E2-43F6-8069-AEDFEE7CBB69}"
EndProject
Global
	GlobalSection(SolutionConfigurationPlatforms) = preSolution
		Debug|Any CPU = Debug|Any CPU
		Release|Any CPU = Release|Any CPU
	EndGlobalSection
	GlobalSection(ProjectConfigurationPlatforms) = postSolution
		{BE7A3482-610E-4B54-BCD6-C464A68614C7}.Debug|Any CPU.ActiveCfg = Debug|Any CPU
		{BE7A3482-610E-4B54-BCD6-C464A68614C7}.Debug|Any CPU.Build.0 = Debug|Any CPU
		{BE7A3482-610E-4B54-BCD6-C464A68614C7}.Release|Any CPU.ActiveCfg = Release|Any CPU
		{BE7A3482-610E-4B54-BCD6-C464A68614C7}.Release|Any CPU.Build.0 = Release|Any CPU
		{401F3B58-A7E2-43F6-8069-AEDFEE7CBB69}.Debug|Any CPU.ActiveCfg = Debug|Any CPU
		{401F3B58-A7E2-43F6-8069-AEDFEE7CBB69}.Debug|Any CPU.Build.0 = Debug|Any CPU
		{401F3B58-A7E2-43F6-8069-AEDFEE7CBB69}.Release|Any CPU.ActiveCfg = Release|Any CPU
		{401F3B58-A7E2-43F6-8069-AEDFEE7CBB69}.Release|Any CPU.Build.0 = Release|Any CPU
	EndGlobalSection
	GlobalSection(SolutionProperties) = preSolution
		HideSolutionNode = FALSE
	EndGlobalSection
	GlobalSection(ExtensibilityGlobals) = postSolution
		SolutionGuid = {ACBD85C5-4C15-4FC3-B829-69B1F0B519D1}
	EndGlobalSection
EndGlobal
